
Microsoft Visual Studio Solution File, Format Version 12.00
# Visual Studio 2013
VisualStudioVersion = 12.0.31101.0
MinimumVisualStudioVersion = 10.0.40219.1
Project("{FAE04EC0-301F-11D3-BF4B-00C04F79EFBC}") = "TmStorageTester", "TmStorageTester.csproj", "{EB5BBAD9-8010-455F-B933-E1CB1B05710C}"
EndProject
Project("{FAE04EC0-301F-11D3-BF4B-00C04F79EFBC}") = "TmStorage", "..\..\trunk\Storage\TmStorage.csproj", "{7121554B-164C-454C-8CBE-374BCA12AB08}"
EndProject
Global
	GlobalSection(SolutionConfigurationPlatforms) = preSolution
		Debug|Any CPU = Debug|Any CPU
		Debug|Mixed Platforms = Debug|Mixed Platforms
		Debug|x86 = Debug|x86
		Release|Any CPU = Release|Any CPU
		Release|Mixed Platforms = Release|Mixed Platforms
		Release|x86 = Release|x86
	EndGlobalSection
	GlobalSection(ProjectConfigurationPlatforms) = postSolution
		{EB5BBAD9-8010-455F-B933-E1CB1B05710C}.Debug|Any CPU.ActiveCfg = Debug|x86
		{EB5BBAD9-8010-455F-B933-E1CB1B05710C}.Debug|Mixed Platforms.ActiveCfg = Debug|x86
		{EB5BBAD9-8010-455F-B933-E1CB1B05710C}.Debug|Mixed Platforms.Build.0 = Debug|x86
		{EB5BBAD9-8010-455F-B933-E1CB1B05710C}.Debug|x86.ActiveCfg = Debug|x86
		{EB5BBAD9-8010-455F-B933-E1CB1B05710C}.Debug|x86.Build.0 = Debug|x86
		{EB5BBAD9-8010-455F-B933-E1CB1B05710C}.Release|Any CPU.ActiveCfg = Release|x86
		{EB5BBAD9-8010-455F-B933-E1CB1B05710C}.Release|Mixed Platforms.ActiveCfg = Release|x86
		{EB5BBAD9-8010-455F-B933-E1CB1B05710C}.Release|Mixed Platforms.Build.0 = Release|x86
		{EB5BBAD9-8010-455F-B933-E1CB1B05710C}.Release|x86.ActiveCfg = Release|x86
		{EB5BBAD9-8010-455F-B933-E1CB1B05710C}.Release|x86.Build.0 = Release|x86
		{7121554B-164C-454C-8CBE-374BCA12AB08}.Debug|Any CPU.ActiveCfg = Debug|Any CPU
		{7121554B-164C-454C-8CBE-374BCA12AB08}.Debug|Any CPU.Build.0 = Debug|Any CPU
		{7121554B-164C-454C-8CBE-374BCA12AB08}.Debug|Mixed Platforms.ActiveCfg = Debug|Any CPU
		{7121554B-164C-454C-8CBE-374BCA12AB08}.Debug|Mixed Platforms.Build.0 = Debug|Any CPU
		{7121554B-164C-454C-8CBE-374BCA12AB08}.Debug|x86.ActiveCfg = Debug|Any CPU
		{7121554B-164C-454C-8CBE-374BCA12AB08}.Release|Any CPU.ActiveCfg = Release|Any CPU
		{7121554B-164C-454C-8CBE-374BCA12AB08}.Release|Any CPU.Build.0 = Release|Any CPU
		{7121554B-164C-454C-8CBE-374BCA12AB08}.Release|Mixed Platforms.ActiveCfg = Release|Any CPU
		{7121554B-164C-454C-8CBE-374BCA12AB08}.Release|Mixed Platforms.Build.0 = Release|Any CPU
		{7121554B-164C-454C-8CBE-374BCA12AB08}.Release|x86.ActiveCfg = Release|Any CPU
	EndGlobalSection
	GlobalSection(SolutionProperties) = preSolution
		HideSolutionNode = FALSE
	EndGlobalSection
EndGlobal
